
Microsoft Visual Studio Solution File, Format Version 12.00
# Visual Studio Version 17
VisualStudioVersion = 17.4.33122.133
MinimumVisualStudioVersion = 10.0.40219.1
Project("{8BC9CEB8-8B4A-11D0-8D11-00A0C91BC942}") = "Futar_szolgalat", "Futar_szolgalat\Futar_szolgalat.vcxproj", "{305B035E-6650-435C-A919-E1CB8C5B7C75}"
EndProject
Global
	GlobalSection(SolutionConfigurationPlatforms) = preSolution
		Debug|x64 = Debug|x64
		Debug|x86 = Debug|x86
		Release|x64 = Release|x64
		Release|x86 = Release|x86
	EndGlobalSection
	GlobalSection(ProjectConfigurationPlatforms) = postSolution
		{305B035E-6650-435C-A919-E1CB8C5B7C75}.Debug|x64.ActiveCfg = Debug|x64
		{305B035E-6650-435C-A919-E1CB8C5B7C75}.Debug|x64.Build.0 = Debug|x64
		{305B035E-6650-435C-A919-E1CB8C5B7C75}.Debug|x86.ActiveCfg = Debug|Win32
		{305B035E-6650-435C-A919-E1CB8C5B7C75}.Debug|x86.Build.0 = Debug|Win32
		{305B035E-6650-435C-A919-E1CB8C5B7C75}.Release|x64.ActiveCfg = Release|x64
		{305B035E-6650-435C-A919-E1CB8C5B7C75}.Release|x64.Build.0 = Release|x64
		{305B035E-6650-435C-A919-E1CB8C5B7C75}.Release|x86.ActiveCfg = Release|Win32
		{305B035E-6650-435C-A919-E1CB8C5B7C75}.Release|x86.Build.0 = Release|Win32
	EndGlobalSection
	GlobalSection(SolutionProperties) = preSolution
		HideSolutionNode = FALSE
	EndGlobalSection
	GlobalSection(ExtensibilityGlobals) = postSolution
		SolutionGuid = {A70910DD-1C4D-485A-9F5C-6D33DBEAE670}
	EndGlobalSection
EndGlobal
